{
  "version": 4,
  "terraform_version": "1.4.6",
  "serial": 10,
  "lineage": "21166c67-244e-15ce-00cc-d9c13e335ac5",
  "outputs": {
    "availability_zones": {
      "value": [],
      "type": [
        "tuple",
        []
      ]
    },
    "cidr_block": {
      "value": "172.16.0.0/12",
      "type": "string"
    },
    "route_table_id": {
      "value": [],
      "type": [
        "tuple",
        []
      ]
    },
    "router_id": {
      "value": [],
      "type": [
        "tuple",
        []
      ]
    },
    "this_availability_zones": {
      "value": [],
      "type": [
        "tuple",
        []
      ]
    },
    "this_resource_group_id": {
      "value": "rg-acfnsp4eqhlashi",
      "type": "string"
    },
    "this_route_table_id": {
      "value": "vtb-t4n0j3k3irbkatmb12zj2",
      "type": "string"
    },
    "this_router_id": {
      "value": "",
      "type": "string"
    },
    "this_vpc_cidr_block": {
      "value": "",
      "type": "string"
    },
    "this_vpc_id": {
      "value": "vpc-t4nfphh70cetmsxvtbm1o",
      "type": "string"
    },
    "this_vpc_name": {
      "value": "",
      "type": "string"
    },
    "this_vpc_tags": {
      "value": {
        "Name": "TF-VPC"
      },
      "type": [
        "map",
        "string"
      ]
    },
    "this_vswitch_cidr_blocks": {
      "value": [],
      "type": [
        "tuple",
        []
      ]
    },
    "this_vswitch_ids": {
      "value": [],
      "type": [
        "tuple",
        []
      ]
    },
    "this_vswitch_names": {
      "value": [],
      "type": [
        "tuple",
        []
      ]
    },
    "this_vswitch_tags": {
      "value": [],
      "type": [
        "tuple",
        []
      ]
    },
    "vpc_id": {
      "value": "vpc-t4nfphh70cetmsxvtbm1o",
      "type": "string"
    },
    "vswitch_ids": {
      "value": [],
      "type": [
        "tuple",
        []
      ]
    }
  },
  "resources": [
    {
      "mode": "data",
      "type": "alicloud_route_tables",
      "name": "this",
      "provider": "provider[\"registry.terraform.io/hashicorp/alicloud\"]",
      "instances": [
        {
          "schema_version": 0,
          "attributes": {
            "id": "1815269528",
            "ids": [
              "vtb-t4n0j3k3irbkatmb12zj2"
            ],
            "name_regex": null,
            "names": [
              ""
            ],
            "output_file": null,
            "page_number": null,
            "page_size": 50,
            "resource_group_id": null,
            "route_table_name": null,
            "router_id": null,
            "router_type": null,
            "status": null,
            "tables": [
              {
                "description": "",
                "id": "vtb-t4n0j3k3irbkatmb12zj2",
                "name": "",
                "resource_group_id": "rg-acfnsp4eqhlashi",
                "route_table_id": "vtb-t4n0j3k3irbkatmb12zj2",
                "route_table_name": "",
                "route_table_type": "System",
                "router_id": "vrt-t4ngunf4u94k5owa7ykwt",
                "router_type": "VRouter",
                "status": "Available",
                "tags": {},
                "vpc_id": "vpc-t4nfphh70cetmsxvtbm1o",
                "vswitch_ids": []
              }
            ],
            "tags": null,
            "total_count": 1,
            "vpc_id": "vpc-t4nfphh70cetmsxvtbm1o"
          },
          "sensitive_attributes": []
        }
      ]
    },
    {
      "mode": "data",
      "type": "alicloud_vpcs",
      "name": "this",
      "provider": "provider[\"registry.terraform.io/hashicorp/alicloud\"]",
      "instances": [
        {
          "schema_version": 0,
          "attributes": {
            "cidr_block": null,
            "dhcp_options_set_id": null,
            "dry_run": null,
            "enable_details": true,
            "id": "0",
            "ids": [],
            "is_default": null,
            "name_regex": null,
            "names": [],
            "output_file": null,
            "page_number": null,
            "page_size": 50,
            "resource_group_id": null,
            "status": null,
            "tags": null,
            "total_count": 0,
            "vpc_name": null,
            "vpc_owner_id": null,
            "vpcs": [],
            "vswitch_id": null
          },
          "sensitive_attributes": []
        }
      ]
    },
    {
      "mode": "managed",
      "type": "alicloud_vpc",
      "name": "vpc",
      "provider": "provider[\"registry.terraform.io/hashicorp/alicloud\"]",
      "instances": [
        {
          "index_key": 0,
          "schema_version": 0,
          "attributes": {
            "cidr_block": "172.16.0.0/12",
            "classic_link_enabled": false,
            "create_time": "2023-06-15T04:54:47Z",
            "description": "A new VPC created by Terrafrom module terraform-alicloud-vpc",
            "dry_run": null,
            "enable_ipv6": null,
            "id": "vpc-t4nfphh70cetmsxvtbm1o",
            "ipv6_cidr_block": "",
            "ipv6_cidr_blocks": [],
            "ipv6_isp": null,
            "name": "TF-VPC",
            "resource_group_id": "rg-acfnsp4eqhlashi",
            "route_table_id": "vtb-t4n0j3k3irbkatmb12zj2",
            "router_id": "vrt-t4ngunf4u94k5owa7ykwt",
            "router_table_id": "vtb-t4n0j3k3irbkatmb12zj2",
            "secondary_cidr_blocks": [],
            "status": "Available",
            "tags": {
              "Name": "TF-VPC"
            },
            "timeouts": null,
            "user_cidrs": [],
            "vpc_name": "TF-VPC"
          },
          "sensitive_attributes": [],
          "private": "eyJlMmJmYjczMC1lY2FhLTExZTYtOGY4OC0zNDM2M2JjN2M0YzAiOnsiY3JlYXRlIjozMDAwMDAwMDAwMDAsImRlbGV0ZSI6MzAwMDAwMDAwMDAwLCJ1cGRhdGUiOjMwMDAwMDAwMDAwMH19"
        }
      ]
    }
  ],
  "check_results": null
}
