{
  "version": 4,
  "terraform_version": "1.4.6",
  "serial": 45,
  "lineage": "09c0a32a-1b69-0a8f-d6f7-00cd81903d6d",
  "outputs": {
    "this_security_group_description": {
      "value": "sibi",
      "type": "string"
    },
    "this_security_group_id": {
      "value": "sg-t4ngda419q3dxr9x9krf",
      "type": "string"
    },
    "this_security_group_name": {
      "value": "terraform-sg-772bd9bc6670e68f722a81b22fdf1824",
      "type": "string"
    },
    "this_security_group_vpc_id": {
      "value": "",
      "type": "string"
    }
  },
  "resources": [
    {
      "mode": "managed",
      "type": "alicloud_security_group",
      "name": "this",
      "provider": "provider[\"registry.terraform.io/hashicorp/alicloud\"]",
      "instances": [
        {
          "index_key": 0,
          "schema_version": 0,
          "attributes": {
            "description": "sibi",
            "id": "sg-t4ngda419q3dxr9x9krf",
            "inner_access": true,
            "inner_access_policy": "Accept",
            "name": "terraform-sg-772bd9bc6670e68f722a81b22fdf1824",
            "resource_group_id": "",
            "security_group_type": "normal",
            "tags": null,
            "vpc_id": "vpc-t4nk6uptz8lp2ckrmj3hn"
          },
          "sensitive_attributes": [],
          "private": "bnVsbA==",
          "dependencies": [
            "random_uuid.this"
          ]
        }
      ]
    },
    {
      "mode": "managed",
      "type": "alicloud_security_group_rule",
      "name": "ingress_rules",
      "provider": "provider[\"registry.terraform.io/hashicorp/alicloud\"]",
      "instances": [
        {
          "index_key": 0,
          "schema_version": 0,
          "attributes": {
            "cidr_ip": "172.0.0.0/16",
            "description": "HTTP",
            "id": "sg-t4ngda419q3dxr9x9krf:ingress:tcp:8080/8080:intranet:172.0.0.0/16:accept:1",
            "ip_protocol": "tcp",
            "ipv6_cidr_ip": "",
            "nic_type": "intranet",
            "policy": "accept",
            "port_range": "8080/8080",
            "prefix_list_id": "",
            "priority": 1,
            "security_group_id": "sg-t4ngda419q3dxr9x9krf",
            "source_group_owner_account": "",
            "source_security_group_id": "",
            "type": "ingress"
          },
          "sensitive_attributes": [],
          "private": "bnVsbA==",
          "dependencies": [
            "alicloud_security_group.this",
            "random_uuid.this"
          ]
        },
        {
          "index_key": 1,
          "schema_version": 0,
          "attributes": {
            "cidr_ip": "172.0.0.0/16",
            "description": "HTTP",
            "id": "sg-t4ngda419q3dxr9x9krf:ingress:tcp:4369/4369:intranet:172.0.0.0/16:accept:1",
            "ip_protocol": "tcp",
            "ipv6_cidr_ip": "",
            "nic_type": "intranet",
            "policy": "accept",
            "port_range": "4369/4369",
            "prefix_list_id": "",
            "priority": 1,
            "security_group_id": "sg-t4ngda419q3dxr9x9krf",
            "source_group_owner_account": "",
            "source_security_group_id": "",
            "type": "ingress"
          },
          "sensitive_attributes": [],
          "private": "bnVsbA==",
          "dependencies": [
            "alicloud_security_group.this",
            "random_uuid.this"
          ]
        },
        {
          "index_key": 2,
          "schema_version": 0,
          "attributes": {
            "cidr_ip": "172.0.0.0/16",
            "description": "HTTP",
            "id": "sg-t4ngda419q3dxr9x9krf:ingress:tcp:9100/9100:intranet:172.0.0.0/16:accept:1",
            "ip_protocol": "tcp",
            "ipv6_cidr_ip": "",
            "nic_type": "intranet",
            "policy": "accept",
            "port_range": "9100/9100",
            "prefix_list_id": "",
            "priority": 1,
            "security_group_id": "sg-t4ngda419q3dxr9x9krf",
            "source_group_owner_account": "",
            "source_security_group_id": "",
            "type": "ingress"
          },
          "sensitive_attributes": [],
          "private": "bnVsbA==",
          "dependencies": [
            "alicloud_security_group.this",
            "random_uuid.this"
          ]
        },
        {
          "index_key": 3,
          "schema_version": 0,
          "attributes": {
            "cidr_ip": "172.0.0.0/16",
            "description": "HTTP",
            "id": "sg-t4ngda419q3dxr9x9krf:ingress:tcp:9101/9101:intranet:172.0.0.0/16:accept:1",
            "ip_protocol": "tcp",
            "ipv6_cidr_ip": "",
            "nic_type": "intranet",
            "policy": "accept",
            "port_range": "9101/9101",
            "prefix_list_id": "",
            "priority": 1,
            "security_group_id": "sg-t4ngda419q3dxr9x9krf",
            "source_group_owner_account": "",
            "source_security_group_id": "",
            "type": "ingress"
          },
          "sensitive_attributes": [],
          "private": "bnVsbA==",
          "dependencies": [
            "alicloud_security_group.this",
            "random_uuid.this"
          ]
        },
        {
          "index_key": 4,
          "schema_version": 0,
          "attributes": {
            "cidr_ip": "172.0.0.0/16",
            "description": "HTTP",
            "id": "sg-t4ngda419q3dxr9x9krf:ingress:tcp:9102/9102:intranet:172.0.0.0/16:accept:1",
            "ip_protocol": "tcp",
            "ipv6_cidr_ip": "",
            "nic_type": "intranet",
            "policy": "accept",
            "port_range": "9102/9102",
            "prefix_list_id": "",
            "priority": 1,
            "security_group_id": "sg-t4ngda419q3dxr9x9krf",
            "source_group_owner_account": "",
            "source_security_group_id": "",
            "type": "ingress"
          },
          "sensitive_attributes": [],
          "private": "bnVsbA==",
          "dependencies": [
            "alicloud_security_group.this",
            "random_uuid.this"
          ]
        },
        {
          "index_key": 5,
          "schema_version": 0,
          "attributes": {
            "cidr_ip": "172.0.0.0/16",
            "description": "HTTP",
            "id": "sg-t4ngda419q3dxr9x9krf:ingress:tcp:19102/19102:intranet:172.0.0.0/16:accept:1",
            "ip_protocol": "tcp",
            "ipv6_cidr_ip": "",
            "nic_type": "intranet",
            "policy": "accept",
            "port_range": "19102/19102",
            "prefix_list_id": "",
            "priority": 1,
            "security_group_id": "sg-t4ngda419q3dxr9x9krf",
            "source_group_owner_account": "",
            "source_security_group_id": "",
            "type": "ingress"
          },
          "sensitive_attributes": [],
          "private": "bnVsbA==",
          "dependencies": [
            "alicloud_security_group.this",
            "random_uuid.this"
          ]
        }
      ]
    },
    {
      "mode": "managed",
      "type": "random_uuid",
      "name": "this",
      "provider": "provider[\"registry.terraform.io/hashicorp/random\"]",
      "instances": [
        {
          "schema_version": 0,
          "attributes": {
            "id": "772bd9bc-6670-e68f-722a-81b22fdf1824",
            "keepers": null,
            "result": "772bd9bc-6670-e68f-722a-81b22fdf1824"
          },
          "sensitive_attributes": []
        }
      ]
    }
  ],
  "check_results": null
}
